# THIS IS AN AUTOGENERATED FILE. DO NOT EDIT THIS FILE DIRECTLY.
# yarn lockfile v1


amdefine@>=0.0.4:
  version "1.0.1"
  resolved "https://registry.yarnpkg.com/amdefine/-/amdefine-1.0.1.tgz#4a5282ac164729e93619bcfd3ad151f817ce91f5"
  integrity sha1-SlKCrBZHKek2Gbz9OtFR+BfOkfU=

clean-css@^3.4.20:
  version "3.4.28"
  resolved "https://registry.yarnpkg.com/clean-css/-/clean-css-3.4.28.tgz#bf1945e82fc808f55695e6ddeaec01400efd03ff"
  integrity sha1-vxlF6C/ICPVWlebd6uwBQA79A/8=
  dependencies:
    commander "2.8.x"
    source-map "0.4.x"

commander@2.8.x:
  version "2.8.1"
  resolved "https://registry.yarnpkg.com/commander/-/commander-2.8.1.tgz#06be367febfda0c330aa1e2a072d3dc9762425d4"
  integrity sha1-Br42f+v9oMMwqh4qBy09yXYkJdQ=
  dependencies:
    graceful-readlink ">= 1.0.0"

emoji-data-css@^1.0.1:
  version "1.0.1"
  resolved "https://registry.yarnpkg.com/emoji-data-css/-/emoji-data-css-1.0.1.tgz#4f95b48394b58571ed3284acfa709ea511875f8f"
  integrity sha1-T5W0g5S1hXHtMoSs+nCepRGHX48=
  dependencies:
    clean-css "^3.4.20"
    emoji-datasource "^2.4.4"

emoji-datasource@^2.4.4:
  version "2.4.4"
  resolved "https://registry.yarnpkg.com/emoji-datasource/-/emoji-datasource-2.4.4.tgz#b97ac1896bc208ecf1833564a20687a5215d0389"
  integrity sha1-uXrBiWvCCOzxgzVkogaHpSFdA4k=

fuse.js@^3.3.0:
  version "3.6.1"
  resolved "https://registry.yarnpkg.com/fuse.js/-/fuse.js-3.6.1.tgz#7de85fdd6e1b3377c23ce010892656385fd9b10c"
  integrity sha512-hT9yh/tiinkmirKrlv4KWOjztdoZo1mx9Qh4KvWqC7isoXwdUY3PNWUxceF4/qO9R6riA2C29jdTOeQOIROjgw==

"graceful-readlink@>= 1.0.0":
  version "1.0.1"
  resolved "https://registry.yarnpkg.com/graceful-readlink/-/graceful-readlink-1.0.1.tgz#4cafad76bc62f02fa039b2f94e9a3dd3a391a725"
  integrity sha1-TK+tdrxi8C+gObL5Tpo906ORpyU=

quill-emoji@^0.1.8:
  version "0.1.8"
  resolved "https://registry.yarnpkg.com/quill-emoji/-/quill-emoji-0.1.8.tgz#0ecca5fdde0595ab792e5fd34da3cbc3844a4231"
  integrity sha512-pxQPU/x4y4tf6lb+YEDXNT3+V83r7sQdj+LEtp7wLdh+B+S8Q1UDjoDEeAz0Oxs4/u9SGo63+FRRX4XkmCzCVw==
  dependencies:
    emoji-data-css "^1.0.1"
    fuse.js "^3.3.0"

source-map@0.4.x:
  version "0.4.4"
  resolved "https://registry.yarnpkg.com/source-map/-/source-map-0.4.4.tgz#eba4f5da9c0dc999de68032d8b4f76173652036b"
  integrity sha1-66T12pwNyZneaAMti092FzZSA2s=
  dependencies:
    amdefine ">=0.0.4"
